
Microsoft Visual Studio Solution File, Format Version 12.00
# Visual Studio Version 17
VisualStudioVersion = 17.13.35825.156 d17.13
MinimumVisualStudioVersion = 10.0.40219.1
Project("{FAE04EC0-301F-11D3-BF4B-00C04F79EFBC}") = "PrelimGradeCalculator", "PrelimGradeCalculator\PrelimGradeCalculator.csproj", "{6DC29AF1-1310-432C-B095-B5B157161847}"
EndProject
Global
	GlobalSection(SolutionConfigurationPlatforms) = preSolution
		Debug|Any CPU = Debug|Any CPU
		Release|Any CPU = Release|Any CPU
	EndGlobalSection
	GlobalSection(ProjectConfigurationPlatforms) = postSolution
		{6DC29AF1-1310-432C-B095-B5B157161847}.Debug|Any CPU.ActiveCfg = Debug|Any CPU
		{6DC29AF1-1310-432C-B095-B5B157161847}.Debug|Any CPU.Build.0 = Debug|Any CPU
		{6DC29AF1-1310-432C-B095-B5B157161847}.Release|Any CPU.ActiveCfg = Release|Any CPU
		{6DC29AF1-1310-432C-B095-B5B157161847}.Release|Any CPU.Build.0 = Release|Any CPU
	EndGlobalSection
	GlobalSection(SolutionProperties) = preSolution
		HideSolutionNode = FALSE
	EndGlobalSection
	GlobalSection(ExtensibilityGlobals) = postSolution
		SolutionGuid = {04275C41-4598-4429-BC3C-7844B5BF4245}
	EndGlobalSection
EndGlobal
